lockfileVersion: '9.0'

settings:
  autoInstallPeers: true
  excludeLinksFromLockfile: false

importers:

  .:
    dependencies:
      '@lox-audioserver/node-librespot':
        specifier: ^0.5.1
        version: 0.5.1
      '@opentui/core':
        specifier: ^0.5.10
        version: 0.5.11(typescript@5.9.3)(web-tree-sitter@0.25.10)
      '@opentui/keymap':
        specifier: ^0.5.11
        version: 0.5.11(@opentui/react@0.5.11(react-devtools-core@7.0.1)(react@19.3.0)(typescript@5.9.3)(web-tree-sitter@0.25.10)(ws@8.21.3))(react@19.3.0)(typescript@5.9.3)(web-tree-sitter@0.25.10)
      '@opentui/react':
        specifier: ^0.5.10
        version: 0.5.11(react-devtools-core@7.0.1)(react@19.3.0)(typescript@5.9.3)(web-tree-sitter@0.25.10)(ws@8.21.3)
      '@tuiparts/react':
        specifier: '>=0.0.1 <0.1.0'
        version: 0.0.6(@opentui/core@0.5.11(typescript@5.9.3)(web-tree-sitter@0.25.10))(@opentui/react@0.5.11(react-devtools-core@7.0.1)(react@19.3.0)(typescript@5.9.3)(web-tree-sitter@0.25.10)(ws@8.21.3))(react@19.3.0)
      effect:
        specifier: ^4.0.0-rc.112
        version: 4.0.0-rc.115
      react:
        specifier: ^19.2.8
        version: 19.3.0
      typescript:
        specifier: ^5.9.3
        version: 5.9.3
    devDependencies:
      '@types/bun':
        specifier: latest
        version: 1.4.2
      '@types/react':
        specifier: ^19.3.0
        version: 19.3.0

packages:

  '@lox-audioserver/node-librespot@0.5.1':
    resolution: {integrity: sha512-VXUPcBfJVlSvciyhEO2k4UvRbJIhjZ3cuA5+xVwtRulmrcKd42Nk//yxeJQYdF3CmPRjt12hkHBRhwwrfkARtw==}
    engines: {node: '>=18'}

  '@opentui/core-darwin-arm64@0.5.11':
    resolution: {integrity: sha512-DRXY5ioq+n1ZNAMAcaFaBunr0cmi2gqucjbTW7lgFp8t9uN3fNZnLTDOqkCTQtT2XhrU4GXqySaPSQ4qFG/EAQ==}
    cpu: [arm64]
    os: [darwin]

  '@opentui/core-darwin-x64@0.5.11':
    resolution: {integrity: sha512-yP/8GliJDiJNm8YYJKvgWuy6xyCEd8d4GwBVOIzCFOI7ZIbGP8GOTvmwIjRW4Paw20pTttWMWyRoQiCvOXvH2g==}
    cpu: [x64]
    os: [darwin]

  '@opentui/core-linux-arm64-musl@0.5.11':
    resolution: {integrity: sha512-x+xeR2LYibvIi/qQetRjJR008sFRve60QuDcO8ItxUwzFeKTDzl5CEiZpBXfm5I4FhRNuyuj0TSPIFadMvrjFQ==}
    cpu: [arm64]
    os: [linux]
    libc: [musl]

  '@opentui/core-linux-arm64@0.5.11':
    resolution: {integrity: sha512-zBIsRFHlLUYFNhapRSNt9dz4mC8gZ4Wxcfy3A+2AwqsgCipcr2FkIuAXYqN08q+IvqFX7DfqgIFGWDNedHTPUg==}
    cpu: [arm64]
    os: [linux]

  '@opentui/core-linux-x64-musl@0.5.11':
    resolution: {integrity: sha512-MyqOnSs8pTYG2xmFr1xt6xZIuHu2Xu4pkle9my9JdE+WClmusHf0YN9Eas6jQLAq5XUi34r22wMeK0juk93zyw==}
    cpu: [x64]
    os: [linux]
    libc: [musl]

  '@opentui/core-linux-x64@0.5.11':
    resolution: {integrity: sha512-pSOXqOADrv+zINOgR3FDFA9zVRaim3zl8/yhtO+X9rEJ6f34z3gDund0Gf88hNJSMpZK5xWtipEVm28RY5VF8w==}
    cpu: [x64]
    os: [linux]

  '@opentui/core-win32-arm64@0.5.11':
    resolution: {integrity: sha512-MGGRXIDJ//HyaqC5ndSr7/CUl+ICdYEAMcjbA00UWsthh4ZO/rYhPkyqOaTn5ck6+G4ca3/+M76J+jImMYTjNg==}
    cpu: [arm64]
    os: [win32]

  '@opentui/core-win32-x64@0.5.11':
    resolution: {integrity: sha512-sMEGX9rhiPd1gBa190jzj5uIdzKCMImxHmr22hJLxIRWqejxWvqGnRBkW68wT8NfMViDiMtZWavgWL7GgmYCAQ==}
    cpu: [x64]
    os: [win32]

  '@opentui/core@0.5.11':
    resolution: {integrity: sha512-pImMfjCNx7JUp9Df1LRZBDLisWqgzOLXZKXO+hh3jA9ujBFPQnZOqbG+/N5uVAAX8IZGaqhYSQRwSZIFBmcfbQ==}
    engines: {bun: '>=1.3.0', node: '>=26.4.0'}
    peerDependencies:
      web-tree-sitter: 0.25.10

  '@opentui/keymap@0.5.11':
    resolution: {integrity: sha512-2c7Qsi2H5tg2ODxf1uOhEEao6JsaBAZRQ43z7nmHdtX5XK5VTNPgScZKBGaYTx/zBIaq/MkCCgPpr/m5wHdssw==}
    peerDependencies:
      '@opentui/react': 0.5.11
      '@opentui/solid': 0.5.11
      react: '>=19.2.0'
      solid-js: 1.9.12
    peerDependenciesMeta:
      '@opentui/react':
        optional: true
      '@opentui/solid':
        optional: true
      react:
        optional: true
      solid-js:
        optional: true

  '@opentui/react@0.5.11':
    resolution: {integrity: sha512-ACH6Kpl3/O1zdNL0sZtzrnxfw0+auJu4eefIbPTAPuNEessyuhd2xvV4agrdWRJCeogywS7er5k7uS/8YRWnZg==}
    peerDependencies:
      react: '>=19.2.0'
      react-devtools-core: ^7.0.1
      ws: ^8.18.0

  '@tuiparts/core@0.0.6':
    resolution: {integrity: sha512-DNqtRprlpMJGUHVTm+L0R/P2Gbn392NZdzna8YSPQkgfNjyroSKpZieg1jTTnYAQn7cz5LpiwtDjw3RCUBrulw==}
    peerDependencies:
      '@opentui/core': ^0.4.3

  '@tuiparts/react@0.0.6':
    resolution: {integrity: sha512-l2RrM3o2ewh3eWYDwtoOWSZzl67qRHtmPUNngmhaWpi6pF2Qq9lSuJaLq+mQQ8NvObJvUx0Dl3ZLMO9iqiOeCg==}
    peerDependencies:
      '@opentui/core': ^0.4.3
      '@opentui/react': ^0.4.3
      react: '>=19.2.0 <20'

  '@types/bun@1.4.2':
    resolution: {integrity: sha512-GimotNn7+ZV0uVArItBbriZsR1oNf0+WTzPkdcFrzShI7k2norL0uzEaJT8T33dWr7O/c9ZDuAFQrctKCi72oQ==}

  '@types/node@26.5.1':
    resolution: {integrity: sha512-CzNm2FezW4VR/LjG6yUdiEgLE/rAQ9Slj5gCu/C2VrdcW7I0ahNZ8DRbHT7zOZ6r3ONgd/bsQIeSaoDGrd1C6g==}

  '@types/react@19.3.0':
    resolution: {integrity: sha512-N0rFCuH9YoxG9/m61l9MfpJKfmLOVU0em7ipIz6TRgSSkvReLB9vL85GB+yr8Bs5leqpvg96JSwF4ZS1s4viQg==}

  ansi-regex@6.3.0:
    resolution: {integrity: sha512-WpDfL7NO6j7tH88IDBNVdUJxDh9nmCteAVW9dsep846XdwF4naCBK+/tGLX3KJgcpgMRXCFlTM2hKGoK9FsdrQ==}
    engines: {node: '>=12'}

  bun-ffi-structs@0.3.1:
    resolution: {integrity: sha512-3gM7PpVWLyrwxWjcilSiGuhWanhZivvo6l0u573NziPH6f/gwk6McbaYgn7oJWov6pKGRTDbrg94W5DcJsKTtQ==}
    peerDependencies:
      typescript: ^5

  bun-types@1.4.2:
    resolution: {integrity: sha512-bxV1FgK7yBIzjRe5zBozIM4Bem11ZJcCXSrjWRG3YWLt8yFDePu4cLjpebO8OvPeIE9trbyPF4fuj3Cia4Fj3w==}

  csstype@3.2.3:
    resolution: {integrity: sha512-z1HGKcYy2xA8AGQfwrn0PAy+PB7X/GSj3UVJW9qKyn43xWa+gl5nXmU4qqLMRzWVLFC8KusUX8T/0kCiOYpAIQ==}

  diff@9.0.0:
    resolution: {integrity: sha512-svtcdpS8CgJyqAjEQIXdb3OjhFVVYjzGAPO8WGCmRbrml64SPw/jJD4GoE98aR7r25A0XcgrK3F02yw9R/vhQw==}
    engines: {node: '>=0.3.1'}

  effect@4.0.0-rc.115:
    resolution: {integrity: sha512-ogYulZ5ffeOzrJqQrG0XOkDO5lKn2s9KNHhoxJy/6wKUkF0i12dlVXWA9TgsgQ+zV/JzizyG0+XMPepZEQX6vw==}

  emoji-regex@10.6.0:
    resolution: {integrity: sha512-toUI84YS5YmxW219erniWD0CIVOo46xGKColeNQRgOzDorgBi1v4D71/OFzgD9GO2UGKIv1C3Sp8DAn0+j5w7A==}

  get-east-asian-width@1.6.0:
    resolution: {integrity: sha512-QRbvDIbx6YklUe6RxeTeleMR0yv3cYH6PsPZHcnVn7xv7zO1BHN8r0XETu8n6Ye3Q+ahtSarc3WgtNWmehIBfA==}
    engines: {node: '>=18'}

  marked@17.0.1:
    resolution: {integrity: sha512-boeBdiS0ghpWcSwoNm/jJBwdpFaMnZWRzjA6SkUMYb40SVaN1x7mmfGKp0jvexGcx+7y2La5zRZsYFZI6Qpypg==}
    engines: {node: '>= 20'}
    hasBin: true

  node-addon-api@8.9.2:
    resolution: {integrity: sha512-VijLXbi3UACN69I0JVXJsX4tjACjNoQDgv2gTF6sx2wWEi8tkSg2eX8p5gSIFi8z2+DL3oHmY6OyKce38SDolg==}
    engines: {node: ^18 || ^20 || >= 21}

  react-devtools-core@7.0.1:
    resolution: {integrity: sha512-C3yNvRHaizlpiASzy7b9vbnBGLrhvdhl1CbdU6EnZgxPNbai60szdLtl+VL76UNOt5bOoVTOz5rNWZxgGt+Gsw==}

  react-reconciler@0.33.0:
    resolution: {integrity: sha512-KetWRytFv1epdpJc3J4G75I4WrplZE5jOL7Yq0p34+OVOKF4Se7WrdIdVC45XsSSmUTlht2FM/fM1FZb1mfQeA==}
    engines: {node: '>=0.10.0'}
    peerDependencies:
      react: ^19.2.0

  react@19.3.0:
    resolution: {integrity: sha512-E8LUcbtBWt20bbl2YoHfx4ZDBdxVTfOKtCZn9cDSJ4l6/nuoApcpIBcj47t2wZoVX8g2ZHuMHbiShgCR1T5Sog==}
    engines: {node: '>=0.10.0'}

  scheduler@0.27.0:
    resolution: {integrity: sha512-eNv+WrVbKu1f3vbYJT/xtiF5syA5HPIMtf9IgY/nKg0sWqzAUEvqY/xm7OcZc/qafLx/iO9FgOmeSAp4v5ti/Q==}

  shell-quote@1.10.0:
    resolution: {integrity: sha512-w1aiOKwKuRgtwAReIIj89puqg+I7GvX4IbLrvmhXbzQsj1+Zwi4VO3+fa6ZF91TWSjIxoEkKnMeHcLEODK5ZXA==}
    engines: {node: '>= 0.4'}

  string-width@7.2.0:
    resolution: {integrity: sha512-tsaTIkKW9b4N+AEj+SVA+WhJzV7/zMhcSu78mLKWSk7cXMOSHsBKFWUs0fWwq8QyK3MgJBQRX6Gbi4kYbdvGkQ==}
    engines: {node: '>=18'}

  strip-ansi@7.1.2:
    resolution: {integrity: sha512-gmBGslpoQJtgnMAvOVqGZpEz9dyoKTCzy2nfz/n8aIFhN/jCE/rCmcxabB6jOOHV+0WNnylOxaxBQPSvcWklhA==}
    engines: {node: '>=12'}

  typescript@5.9.3:
    resolution: {integrity: sha512-jl1vZzPDinLr9eUt3J/t7V6FgNEw9QjvBPdysz9KfQDD41fQrC2Y4vKQdiaUpFT4bXlb1RHhLpp8wtm6M5TgSw==}
    engines: {node: '>=14.17'}
    hasBin: true

  undici-types@8.9.0:
    resolution: {integrity: sha512-KTDyRTYX8sWmKXAikPHHSyc63CRPETMctyjKFupcC6OBLXT3xsN0e9aF7m+mIXutFWpUXuedtowG7iLOzp0kQg==}

  web-tree-sitter@0.25.10:
    resolution: {integrity: sha512-Y09sF44/13XvgVKgO2cNDw5rGk6s26MgoZPXLESvMXeefBf7i6/73eFurre0IsTW6E14Y0ArIzhUMmjoc7xyzA==}
    peerDependencies:
      '@types/emscripten': ^1.40.0
    peerDependenciesMeta:
      '@types/emscripten':
        optional: true

  ws@7.5.13:
    resolution: {integrity: sha512-rsKI6xDBFVf4r/x8XyChGK04QR/XHroxs/jUcoWvtEZM8TPU/X/uIY9B1CsSzYws9ZJb/6bbBu7dPhFW00CAoA==}
    engines: {node: '>=8.3.0'}
    peerDependencies:
      bufferutil: ^4.0.1
      utf-8-validate: ^5.0.2
    peerDependenciesMeta:
      bufferutil:
        optional: true
      utf-8-validate:
        optional: true

  ws@8.21.3:
    resolution: {integrity: sha512-201TZ/kPWxoPr/OKWjquZR1SWKXcvxdH+e1xrx89b3YbmzLMFCLfnaG1HFIgWzJOEWZ7MvpK++odZufgYR50Rw==}
    engines: {node: '>=10.0.0'}
    peerDependencies:
      bufferutil: ^4.0.1
      utf-8-validate: '>=5.0.2'
    peerDependenciesMeta:
      bufferutil:
        optional: true
      utf-8-validate:
        optional: true

snapshots:

  '@lox-audioserver/node-librespot@0.5.1':
    dependencies:
      node-addon-api: 8.9.2

  '@opentui/core-darwin-arm64@0.5.11':
    optional: true

  '@opentui/core-darwin-x64@0.5.11':
    optional: true

  '@opentui/core-linux-arm64-musl@0.5.11':
    optional: true

  '@opentui/core-linux-arm64@0.5.11':
    optional: true

  '@opentui/core-linux-x64-musl@0.5.11':
    optional: true

  '@opentui/core-linux-x64@0.5.11':
    optional: true

  '@opentui/core-win32-arm64@0.5.11':
    optional: true

  '@opentui/core-win32-x64@0.5.11':
    optional: true

  '@opentui/core@0.5.11(typescript@5.9.3)(web-tree-sitter@0.25.10)':
    dependencies:
      bun-ffi-structs: 0.3.1(typescript@5.9.3)
      diff: 9.0.0
      marked: 17.0.1
      string-width: 7.2.0
      strip-ansi: 7.1.2
      web-tree-sitter: 0.25.10
    optionalDependencies:
      '@opentui/core-darwin-arm64': 0.5.11
      '@opentui/core-darwin-x64': 0.5.11
      '@opentui/core-linux-arm64': 0.5.11
      '@opentui/core-linux-arm64-musl': 0.5.11
      '@opentui/core-linux-x64': 0.5.11
      '@opentui/core-linux-x64-musl': 0.5.11
      '@opentui/core-win32-arm64': 0.5.11
      '@opentui/core-win32-x64': 0.5.11
    transitivePeerDependencies:
      - typescript

  '@opentui/keymap@0.5.11(@opentui/react@0.5.11(react-devtools-core@7.0.1)(react@19.3.0)(typescript@5.9.3)(web-tree-sitter@0.25.10)(ws@8.21.3))(react@19.3.0)(typescript@5.9.3)(web-tree-sitter@0.25.10)':
    dependencies:
      '@opentui/core': 0.5.11(typescript@5.9.3)(web-tree-sitter@0.25.10)
    optionalDependencies:
      '@opentui/react': 0.5.11(react-devtools-core@7.0.1)(react@19.3.0)(typescript@5.9.3)(web-tree-sitter@0.25.10)(ws@8.21.3)
      react: 19.3.0
    transitivePeerDependencies:
      - typescript
      - web-tree-sitter

  '@opentui/react@0.5.11(react-devtools-core@7.0.1)(react@19.3.0)(typescript@5.9.3)(web-tree-sitter@0.25.10)(ws@8.21.3)':
    dependencies:
      '@opentui/core': 0.5.11(typescript@5.9.3)(web-tree-sitter@0.25.10)
      react: 19.3.0
      react-devtools-core: 7.0.1
      react-reconciler: 0.33.0(react@19.3.0)
      ws: 8.21.3
    transitivePeerDependencies:
      - typescript
      - web-tree-sitter

  '@tuiparts/core@0.0.6(@opentui/core@0.5.11(typescript@5.9.3)(web-tree-sitter@0.25.10))':
    dependencies:
      '@opentui/core': 0.5.11(typescript@5.9.3)(web-tree-sitter@0.25.10)

  '@tuiparts/react@0.0.6(@opentui/core@0.5.11(typescript@5.9.3)(web-tree-sitter@0.25.10))(@opentui/react@0.5.11(react-devtools-core@7.0.1)(react@19.3.0)(typescript@5.9.3)(web-tree-sitter@0.25.10)(ws@8.21.3))(react@19.3.0)':
    dependencies:
      '@opentui/core': 0.5.11(typescript@5.9.3)(web-tree-sitter@0.25.10)
      '@opentui/react': 0.5.11(react-devtools-core@7.0.1)(react@19.3.0)(typescript@5.9.3)(web-tree-sitter@0.25.10)(ws@8.21.3)
      '@tuiparts/core': 0.0.6(@opentui/core@0.5.11(typescript@5.9.3)(web-tree-sitter@0.25.10))
      react: 19.3.0

  '@types/bun@1.4.2':
    dependencies:
      bun-types: 1.4.2

  '@types/node@26.5.1':
    dependencies:
      undici-types: 8.9.0

  '@types/react@19.3.0':
    dependencies:
      csstype: 3.2.3

  ansi-regex@6.3.0: {}

  bun-ffi-structs@0.3.1(typescript@5.9.3):
    dependencies:
      typescript: 5.9.3

  bun-types@1.4.2:
    dependencies:
      '@types/node': 26.5.1

  csstype@3.2.3: {}

  diff@9.0.0: {}

  effect@4.0.0-rc.115: {}

  emoji-regex@10.6.0: {}

  get-east-asian-width@1.6.0: {}

  marked@17.0.1: {}

  node-addon-api@8.9.2: {}

  react-devtools-core@7.0.1:
    dependencies:
      shell-quote: 1.10.0
      ws: 7.5.13
    transitivePeerDependencies:
      - bufferutil
      - utf-8-validate

  react-reconciler@0.33.0(react@19.3.0):
    dependencies:
      react: 19.3.0
      scheduler: 0.27.0

  react@19.3.0: {}

  scheduler@0.27.0: {}

  shell-quote@1.10.0: {}

  string-width@7.2.0:
    dependencies:
      emoji-regex: 10.6.0
      get-east-asian-width: 1.6.0
      strip-ansi: 7.1.2

  strip-ansi@7.1.2:
    dependencies:
      ansi-regex: 6.3.0

  typescript@5.9.3: {}

  undici-types@8.9.0: {}

  web-tree-sitter@0.25.10: {}

  ws@7.5.13: {}

  ws@8.21.3: {}
